// !$*UTF8*$!
{
	archiveVersion = 1;
	classes = {
	};
	objectVersion = 56;
	objects = {

/* Begin PBXBuildFile section */
		C62EF1BE28FDBE930046A716 /* CryptoAppApp.swift in Sources */ = {isa = PBXBuildFile; fileRef = C62EF1BD28FDBE930046A716 /* CryptoAppApp.swift */; };
		C62EF1C028FDBE930046A716 /* ContentView.swift in Sources */ = {isa = PBXBuildFile; fileRef = C62EF1BF28FDBE930046A716 /* ContentView.swift */; };
		C62EF1C528FDBE950046A716 /* Preview Assets.xcassets in Resources */ = {isa = PBXBuildFile; fileRef = C62EF1C428FDBE950046A716 /* Preview Assets.xcassets */; };
		C690A62C28FDC185003F38CB /* Assets.xcassets in Resources */ = {isa = PBXBuildFile; fileRef = C690A62B28FDC185003F38CB /* Assets.xcassets */; };
		C690A63128FDC1E4003F38CB /* Color+Extension.swift in Sources */ = {isa = PBXBuildFile; fileRef = C690A63028FDC1E4003F38CB /* Color+Extension.swift */; };
		C690A63728FDC58C003F38CB /* HomeView.swift in Sources */ = {isa = PBXBuildFile; fileRef = C690A63628FDC58C003F38CB /* HomeView.swift */; };
		C690A63B28FDC69D003F38CB /* CircleButtonView.swift in Sources */ = {isa = PBXBuildFile; fileRef = C690A63A28FDC69D003F38CB /* CircleButtonView.swift */; };
		C690A63D28FDCB2F003F38CB /* CircleButtonAnimationView.swift in Sources */ = {isa = PBXBuildFile; fileRef = C690A63C28FDCB2F003F38CB /* CircleButtonAnimationView.swift */; };
		C690A64028FDCEB5003F38CB /* CoinModel.swift in Sources */ = {isa = PBXBuildFile; fileRef = C690A63F28FDCEB5003F38CB /* CoinModel.swift */; };
		C6A511E328FDDB6E0047FF6C /* CoinRowView.swift in Sources */ = {isa = PBXBuildFile; fileRef = C6A511E228FDDB6E0047FF6C /* CoinRowView.swift */; };
		C6A511E728FDDC080047FF6C /* PreviewProvider+Extension.swift in Sources */ = {isa = PBXBuildFile; fileRef = C6A511E628FDDC080047FF6C /* PreviewProvider+Extension.swift */; };
		C6A511E928FDE10D0047FF6C /* Double+Extension.swift in Sources */ = {isa = PBXBuildFile; fileRef = C6A511E828FDE10D0047FF6C /* Double+Extension.swift */; };
		C6AB20B628FDF49000D8A89B /* HomeViewModel.swift in Sources */ = {isa = PBXBuildFile; fileRef = C6AB20B528FDF49000D8A89B /* HomeViewModel.swift */; };
		C6AB20B928FDFD7200D8A89B /* CoinDataService.swift in Sources */ = {isa = PBXBuildFile; fileRef = C6AB20B828FDFD7200D8A89B /* CoinDataService.swift */; };
		C6AB20BC28FE078400D8A89B /* NetworkManager.swift in Sources */ = {isa = PBXBuildFile; fileRef = C6AB20BB28FE078400D8A89B /* NetworkManager.swift */; };
		C6AB20BF28FE100100D8A89B /* CoinImageView.swift in Sources */ = {isa = PBXBuildFile; fileRef = C6AB20BE28FE100100D8A89B /* CoinImageView.swift */; };
/* End PBXBuildFile section */

/* Begin PBXFileReference section */
		C62EF1BA28FDBE930046A716 /* CryptoApp.app */ = {isa = PBXFileReference; explicitFileType = wrapper.application; includeInIndex = 0; path = CryptoApp.app; sourceTree = BUILT_PRODUCTS_DIR; };
		C62EF1BD28FDBE930046A716 /* CryptoAppApp.swift */ = {isa = PBXFileReference; lastKnownFileType = sourcecode.swift; path = CryptoAppApp.swift; sourceTree = "<group>"; };
		C62EF1BF28FDBE930046A716 /* ContentView.swift */ = {isa = PBXFileReference; lastKnownFileType = sourcecode.swift; path = ContentView.swift; sourceTree = "<group>"; };
		C62EF1C428FDBE950046A716 /* Preview Assets.xcassets */ = {isa = PBXFileReference; lastKnownFileType = folder.assetcatalog; path = "Preview Assets.xcassets"; sourceTree = "<group>"; };
		C690A62B28FDC185003F38CB /* Assets.xcassets */ = {isa = PBXFileReference; lastKnownFileType = folder.assetcatalog; name = Assets.xcassets; path = ../../../../../../Downloads/Resources/Assets.xcassets; sourceTree = "<group>"; };
		C690A63028FDC1E4003F38CB /* Color+Extension.swift */ = {isa = PBXFileReference; lastKnownFileType = sourcecode.swift; path = "Color+Extension.swift"; sourceTree = "<group>"; };
		C690A63628FDC58C003F38CB /* HomeView.swift */ = {isa = PBXFileReference; lastKnownFileType = sourcecode.swift; path = HomeView.swift; sourceTree = "<group>"; };
		C690A63A28FDC69D003F38CB /* CircleButtonView.swift */ = {isa = PBXFileReference; lastKnownFileType = sourcecode.swift; path = CircleButtonView.swift; sourceTree = "<group>"; };
		C690A63C28FDCB2F003F38CB /* CircleButtonAnimationView.swift */ = {isa = PBXFileReference; lastKnownFileType = sourcecode.swift; path = CircleButtonAnimationView.swift; sourceTree = "<group>"; };
		C690A63F28FDCEB5003F38CB /* CoinModel.swift */ = {isa = PBXFileReference; lastKnownFileType = sourcecode.swift; path = CoinModel.swift; sourceTree = "<group>"; };
		C6A511E228FDDB6E0047FF6C /* CoinRowView.swift */ = {isa = PBXFileReference; lastKnownFileType = sourcecode.swift; path = CoinRowView.swift; sourceTree = "<group>"; };
		C6A511E628FDDC080047FF6C /* PreviewProvider+Extension.swift */ = {isa = PBXFileReference; lastKnownFileType = sourcecode.swift; path = "PreviewProvider+Extension.swift"; sourceTree = "<group>"; };
		C6A511E828FDE10D0047FF6C /* Double+Extension.swift */ = {isa = PBXFileReference; lastKnownFileType = sourcecode.swift; path = "Double+Extension.swift"; sourceTree = "<group>"; };
		C6AB20B528FDF49000D8A89B /* HomeViewModel.swift */ = {isa = PBXFileReference; lastKnownFileType = sourcecode.swift; path = HomeViewModel.swift; sourceTree = "<group>"; };
		C6AB20B828FDFD7200D8A89B /* CoinDataService.swift */ = {isa = PBXFileReference; lastKnownFileType = sourcecode.swift; path = CoinDataService.swift; sourceTree = "<group>"; };
		C6AB20BB28FE078400D8A89B /* NetworkManager.swift */ = {isa = PBXFileReference; lastKnownFileType = sourcecode.swift; path = NetworkManager.swift; sourceTree = "<group>"; };
		C6AB20BE28FE100100D8A89B /* CoinImageView.swift */ = {isa = PBXFileReference; lastKnownFileType = sourcecode.swift; path = CoinImageView.swift; sourceTree = "<group>"; };
/* End PBXFileReference section */

/* Begin PBXFrameworksBuildPhase section */
		C62EF1B728FDBE930046A716 /* Frameworks */ = {
			isa = PBXFrameworksBuildPhase;
			buildActionMask = 2147483647;
			files = (
			);
			runOnlyForDeploymentPostprocessing = 0;
		};
/* End PBXFrameworksBuildPhase section */

/* Begin PBXGroup section */
		C62EF1B128FDBE930046A716 = {
			isa = PBXGroup;
			children = (
				C62EF1BC28FDBE930046A716 /* CryptoApp */,
				C62EF1BB28FDBE930046A716 /* Products */,
			);
			sourceTree = "<group>";
		};
		C62EF1BB28FDBE930046A716 /* Products */ = {
			isa = PBXGroup;
			children = (
				C62EF1BA28FDBE930046A716 /* CryptoApp.app */,
			);
			name = Products;
			sourceTree = "<group>";
		};
		C62EF1BC28FDBE930046A716 /* CryptoApp */ = {
			isa = PBXGroup;
			children = (
				C6AB20BA28FE073300D8A89B /* Utilities */,
				C6AB20B728FDFCFF00D8A89B /* Services */,
				C690A62D28FDC19F003F38CB /* Extension */,
				C690A63E28FDCE91003F38CB /* Models */,
				C690A63228FDC554003F38CB /* Core */,
				C62EF1BD28FDBE930046A716 /* CryptoAppApp.swift */,
				C62EF1BF28FDBE930046A716 /* ContentView.swift */,
				C690A62B28FDC185003F38CB /* Assets.xcassets */,
				C62EF1C328FDBE950046A716 /* Preview Content */,
			);
			path = CryptoApp;
			sourceTree = "<group>";
		};
		C62EF1C328FDBE950046A716 /* Preview Content */ = {
			isa = PBXGroup;
			children = (
				C62EF1C428FDBE950046A716 /* Preview Assets.xcassets */,
			);
			path = "Preview Content";
			sourceTree = "<group>";
		};
		C690A62D28FDC19F003F38CB /* Extension */ = {
			isa = PBXGroup;
			children = (
				C690A63028FDC1E4003F38CB /* Color+Extension.swift */,
				C6A511E628FDDC080047FF6C /* PreviewProvider+Extension.swift */,
				C6A511E828FDE10D0047FF6C /* Double+Extension.swift */,
			);
			path = Extension;
			sourceTree = "<group>";
		};
		C690A63228FDC554003F38CB /* Core */ = {
			isa = PBXGroup;
			children = (
				C690A63828FDC66C003F38CB /* Components */,
				C690A63328FDC560003F38CB /* Home */,
			);
			path = Core;
			sourceTree = "<group>";
		};
		C690A63328FDC560003F38CB /* Home */ = {
			isa = PBXGroup;
			children = (
				C690A63528FDC573003F38CB /* ViewModels */,
				C690A63428FDC56C003F38CB /* View */,
			);
			path = Home;
			sourceTree = "<group>";
		};
		C690A63428FDC56C003F38CB /* View */ = {
			isa = PBXGroup;
			children = (
				C690A63628FDC58C003F38CB /* HomeView.swift */,
				C6A511E228FDDB6E0047FF6C /* CoinRowView.swift */,
			);
			path = View;
			sourceTree = "<group>";
		};
		C690A63528FDC573003F38CB /* ViewModels */ = {
			isa = PBXGroup;
			children = (
				C6AB20B528FDF49000D8A89B /* HomeViewModel.swift */,
			);
			path = ViewModels;
			sourceTree = "<group>";
		};
		C690A63828FDC66C003F38CB /* Components */ = {
			isa = PBXGroup;
			children = (
				C6AB20BD28FE0FD700D8A89B /* CoinImage */,
				C690A63928FDC686003F38CB /* CircleButton */,
			);
			path = Components;
			sourceTree = "<group>";
		};
		C690A63928FDC686003F38CB /* CircleButton */ = {
			isa = PBXGroup;
			children = (
				C690A63A28FDC69D003F38CB /* CircleButtonView.swift */,
				C690A63C28FDCB2F003F38CB /* CircleButtonAnimationView.swift */,
			);
			path = CircleButton;
			sourceTree = "<group>";
		};
		C690A63E28FDCE91003F38CB /* Models */ = {
			isa = PBXGroup;
			children = (
				C690A63F28FDCEB5003F38CB /* CoinModel.swift */,
			);
			path = Models;
			sourceTree = "<group>";
		};
		C6AB20B728FDFCFF00D8A89B /* Services */ = {
			isa = PBXGroup;
			children = (
				C6AB20B828FDFD7200D8A89B /* CoinDataService.swift */,
			);
			path = Services;
			sourceTree = "<group>";
		};
		C6AB20BA28FE073300D8A89B /* Utilities */ = {
			isa = PBXGroup;
			children = (
				C6AB20BB28FE078400D8A89B /* NetworkManager.swift */,
			);
			path = Utilities;
			sourceTree = "<group>";
		};
		C6AB20BD28FE0FD700D8A89B /* CoinImage */ = {
			isa = PBXGroup;
			children = (
				C6AB20BE28FE100100D8A89B /* CoinImageView.swift */,
			);
			path = CoinImage;
			sourceTree = "<group>";
		};
/* End PBXGroup section */

/* Begin PBXNativeTarget section */
		C62EF1B928FDBE930046A716 /* CryptoApp */ = {
			isa = PBXNativeTarget;
			buildConfigurationList = C62EF1C828FDBE950046A716 /* Build configuration list for PBXNativeTarget "CryptoApp" */;
			buildPhases = (
				C62EF1B628FDBE930046A716 /* Sources */,
				C62EF1B728FDBE930046A716 /* Frameworks */,
				C62EF1B828FDBE930046A716 /* Resources */,
			);
			buildRules = (
			);
			dependencies = (
			);
			name = CryptoApp;
			productName = CryptoApp;
			productReference = C62EF1BA28FDBE930046A716 /* CryptoApp.app */;
			productType = "com.apple.product-type.application";
		};
/* End PBXNativeTarget section */

/* Begin PBXProject section */
		C62EF1B228FDBE930046A716 /* Project object */ = {
			isa = PBXProject;
			attributes = {
				BuildIndependentTargetsInParallel = 1;
				LastSwiftUpdateCheck = 1400;
				LastUpgradeCheck = 1400;
				TargetAttributes = {
					C62EF1B928FDBE930046A716 = {
						CreatedOnToolsVersion = 14.0.1;
					};
				};
			};
			buildConfigurationList = C62EF1B528FDBE930046A716 /* Build configuration list for PBXProject "CryptoApp" */;
			compatibilityVersion = "Xcode 14.0";
			developmentRegion = en;
			hasScannedForEncodings = 0;
			knownRegions = (
				en,
				Base,
			);
			mainGroup = C62EF1B128FDBE930046A716;
			productRefGroup = C62EF1BB28FDBE930046A716 /* Products */;
			projectDirPath = "";
			projectRoot = "";
			targets = (
				C62EF1B928FDBE930046A716 /* CryptoApp */,
			);
		};
/* End PBXProject section */

/* Begin PBXResourcesBuildPhase section */
		C62EF1B828FDBE930046A716 /* Resources */ = {
			isa = PBXResourcesBuildPhase;
			buildActionMask = 2147483647;
			files = (
				C690A62C28FDC185003F38CB /* Assets.xcassets in Resources */,
				C62EF1C528FDBE950046A716 /* Preview Assets.xcassets in Resources */,
			);
			runOnlyForDeploymentPostprocessing = 0;
		};
/* End PBXResourcesBuildPhase section */

/* Begin PBXSourcesBuildPhase section */
		C62EF1B628FDBE930046A716 /* Sources */ = {
			isa = PBXSourcesBuildPhase;
			buildActionMask = 2147483647;
			files = (
				C6AB20B928FDFD7200D8A89B /* CoinDataService.swift in Sources */,
				C6A511E328FDDB6E0047FF6C /* CoinRowView.swift in Sources */,
				C6AB20B628FDF49000D8A89B /* HomeViewModel.swift in Sources */,
				C6AB20BC28FE078400D8A89B /* NetworkManager.swift in Sources */,
				C62EF1C028FDBE930046A716 /* ContentView.swift in Sources */,
				C6AB20BF28FE100100D8A89B /* CoinImageView.swift in Sources */,
				C690A63728FDC58C003F38CB /* HomeView.swift in Sources */,
				C690A63128FDC1E4003F38CB /* Color+Extension.swift in Sources */,
				C6A511E728FDDC080047FF6C /* PreviewProvider+Extension.swift in Sources */,
				C690A63B28FDC69D003F38CB /* CircleButtonView.swift in Sources */,
				C62EF1BE28FDBE930046A716 /* CryptoAppApp.swift in Sources */,
				C690A63D28FDCB2F003F38CB /* CircleButtonAnimationView.swift in Sources */,
				C6A511E928FDE10D0047FF6C /* Double+Extension.swift in Sources */,
				C690A64028FDCEB5003F38CB /* CoinModel.swift in Sources */,
			);
			runOnlyForDeploymentPostprocessing = 0;
		};
/* End PBXSourcesBuildPhase section */

/* Begin XCBuildConfiguration section */
		C62EF1C628FDBE950046A716 /* Debug */ = {
			isa = XCBuildConfiguration;
			buildSettings = {
				ALWAYS_SEARCH_USER_PATHS = NO;
				CLANG_ANALYZER_NONNULL = YES;
				CLANG_ANALYZER_NUMBER_OBJECT_CONVERSION = YES_AGGRESSIVE;
				CLANG_CXX_LANGUAGE_STANDARD = "gnu++20";
				CLANG_ENABLE_MODULES = YES;
				CLANG_ENABLE_OBJC_ARC = YES;
				CLANG_ENABLE_OBJC_WEAK = YES;
				CLANG_WARN_BLOCK_CAPTURE_AUTORELEASING = YES;
				CLANG_WARN_BOOL_CONVERSION = YES;
				CLANG_WARN_COMMA = YES;
				CLANG_WARN_CONSTANT_CONVERSION = YES;
				CLANG_WARN_DEPRECATED_OBJC_IMPLEMENTATIONS = YES;
				CLANG_WARN_DIRECT_OBJC_ISA_USAGE = YES_ERROR;
				CLANG_WARN_DOCUMENTATION_COMMENTS = YES;
				CLANG_WARN_EMPTY_BODY = YES;
				CLANG_WARN_ENUM_CONVERSION = YES;
				CLANG_WARN_INFINITE_RECURSION = YES;
				CLANG_WARN_INT_CONVERSION = YES;
				CLANG_WARN_NON_LITERAL_NULL_CONVERSION = YES;
				CLANG_WARN_OBJC_IMPLICIT_RETAIN_SELF = YES;
				CLANG_WARN_OBJC_LITERAL_CONVERSION = YES;
				CLANG_WARN_OBJC_ROOT_CLASS = YES_ERROR;
				CLANG_WARN_QUOTED_INCLUDE_IN_FRAMEWORK_HEADER = YES;
				CLANG_WARN_RANGE_LOOP_ANALYSIS = YES;
				CLANG_WARN_STRICT_PROTOTYPES = YES;
				CLANG_WARN_SUSPICIOUS_MOVE = YES;
				CLANG_WARN_UNGUARDED_AVAILABILITY = YES_AGGRESSIVE;
				CLANG_WARN_UNREACHABLE_CODE = YES;
				CLANG_WARN__DUPLICATE_METHOD_MATCH = YES;
				COPY_PHASE_STRIP = NO;
				DEBUG_INFORMATION_FORMAT = dwarf;
				ENABLE_STRICT_OBJC_MSGSEND = YES;
				ENABLE_TESTABILITY = YES;
				GCC_C_LANGUAGE_STANDARD = gnu11;
				GCC_DYNAMIC_NO_PIC = NO;
				GCC_NO_COMMON_BLOCKS = YES;
				GCC_OPTIMIZATION_LEVEL = 0;
				GCC_PREPROCESSOR_DEFINITIONS = (
					"DEBUG=1",
					"$(inherited)",
				);
				GCC_WARN_64_TO_32_BIT_CONVERSION = YES;
				GCC_WARN_ABOUT_RETURN_TYPE = YES_ERROR;
				GCC_WARN_UNDECLARED_SELECTOR = YES;
				GCC_WARN_UNINITIALIZED_AUTOS = YES_AGGRESSIVE;
				GCC_WARN_UNUSED_FUNCTION = YES;
				GCC_WARN_UNUSED_VARIABLE = YES;
				IPHONEOS_DEPLOYMENT_TARGET = 16.0;
				MTL_ENABLE_DEBUG_INFO = INCLUDE_SOURCE;
				MTL_FAST_MATH = YES;
				ONLY_ACTIVE_ARCH = YES;
				SDKROOT = iphoneos;
				SWIFT_ACTIVE_COMPILATION_CONDITIONS = DEBUG;
				SWIFT_OPTIMIZATION_LEVEL = "-Onone";
			};
			name = Debug;
		};
		C62EF1C728FDBE950046A716 /* Release */ = {
			isa = XCBuildConfiguration;
			buildSettings = {
				ALWAYS_SEARCH_USER_PATHS = NO;
				CLANG_ANALYZER_NONNULL = YES;
				CLANG_ANALYZER_NUMBER_OBJECT_CONVERSION = YES_AGGRESSIVE;
				CLANG_CXX_LANGUAGE_STANDARD = "gnu++20";
				CLANG_ENABLE_MODULES = YES;
				CLANG_ENABLE_OBJC_ARC = YES;
				CLANG_ENABLE_OBJC_WEAK = YES;
				CLANG_WARN_BLOCK_CAPTURE_AUTORELEASING = YES;
				CLANG_WARN_BOOL_CONVERSION = YES;
				CLANG_WARN_COMMA = YES;
				CLANG_WARN_CONSTANT_CONVERSION = YES;
				CLANG_WARN_DEPRECATED_OBJC_IMPLEMENTATIONS = YES;
				CLANG_WARN_DIRECT_OBJC_ISA_USAGE = YES_ERROR;
				CLANG_WARN_DOCUMENTATION_COMMENTS = YES;
				CLANG_WARN_EMPTY_BODY = YES;
				CLANG_WARN_ENUM_CONVERSION = YES;
				CLANG_WARN_INFINITE_RECURSION = YES;
				CLANG_WARN_INT_CONVERSION = YES;
				CLANG_WARN_NON_LITERAL_NULL_CONVERSION = YES;
				CLANG_WARN_OBJC_IMPLICIT_RETAIN_SELF = YES;
				CLANG_WARN_OBJC_LITERAL_CONVERSION = YES;
				CLANG_WARN_OBJC_ROOT_CLASS = YES_ERROR;
				CLANG_WARN_QUOTED_INCLUDE_IN_FRAMEWORK_HEADER = YES;
				CLANG_WARN_RANGE_LOOP_ANALYSIS = YES;
				CLANG_WARN_STRICT_PROTOTYPES = YES;
				CLANG_WARN_SUSPICIOUS_MOVE = YES;
				CLANG_WARN_UNGUARDED_AVAILABILITY = YES_AGGRESSIVE;
				CLANG_WARN_UNREACHABLE_CODE = YES;
				CLANG_WARN__DUPLICATE_METHOD_MATCH = YES;
				COPY_PHASE_STRIP = NO;
				DEBUG_INFORMATION_FORMAT = "dwarf-with-dsym";
				ENABLE_NS_ASSERTIONS = NO;
				ENABLE_STRICT_OBJC_MSGSEND = YES;
				GCC_C_LANGUAGE_STANDARD = gnu11;
				GCC_NO_COMMON_BLOCKS = YES;
				GCC_WARN_64_TO_32_BIT_CONVERSION = YES;
				GCC_WARN_ABOUT_RETURN_TYPE = YES_ERROR;
				GCC_WARN_UNDECLARED_SELECTOR = YES;
				GCC_WARN_UNINITIALIZED_AUTOS = YES_AGGRESSIVE;
				GCC_WARN_UNUSED_FUNCTION = YES;
				GCC_WARN_UNUSED_VARIABLE = YES;
				IPHONEOS_DEPLOYMENT_TARGET = 16.0;
				MTL_ENABLE_DEBUG_INFO = NO;
				MTL_FAST_MATH = YES;
				SDKROOT = iphoneos;
				SWIFT_COMPILATION_MODE = wholemodule;
				SWIFT_OPTIMIZATION_LEVEL = "-O";
				VALIDATE_PRODUCT = YES;
			};
			name = Release;
		};
		C62EF1C928FDBE950046A716 /* Debug */ = {
			isa = XCBuildConfiguration;
			buildSettings = {
				ASSETCATALOG_COMPILER_APPICON_NAME = AppIcon;
				ASSETCATALOG_COMPILER_GLOBAL_ACCENT_COLOR_NAME = AccentColor;
				CODE_SIGN_STYLE = Automatic;
				CURRENT_PROJECT_VERSION = 1;
				DEVELOPMENT_ASSET_PATHS = "\"CryptoApp/Preview Content\"";
				ENABLE_PREVIEWS = YES;
				GENERATE_INFOPLIST_FILE = YES;
				INFOPLIST_KEY_CFBundleDisplayName = "Crypto Tracker";
				INFOPLIST_KEY_UIApplicationSceneManifest_Generation = YES;
				INFOPLIST_KEY_UIApplicationSupportsIndirectInputEvents = YES;
				INFOPLIST_KEY_UILaunchScreen_Generation = YES;
				INFOPLIST_KEY_UISupportedInterfaceOrientations = UIInterfaceOrientationPortrait;
				INFOPLIST_KEY_UISupportedInterfaceOrientations_iPad = "UIInterfaceOrientationPortrait UIInterfaceOrientationPortraitUpsideDown";
				LD_RUNPATH_SEARCH_PATHS = (
					"$(inherited)",
					"@executable_path/Frameworks",
				);
				MARKETING_VERSION = 1.0;
				PRODUCT_BUNDLE_IDENTIFIER = com.alandisseals.CryptoApp;
				PRODUCT_NAME = "$(TARGET_NAME)";
				SWIFT_EMIT_LOC_STRINGS = YES;
				SWIFT_VERSION = 5.0;
				TARGETED_DEVICE_FAMILY = "1,2";
			};
			name = Debug;
		};
		C62EF1CA28FDBE950046A716 /* Release */ = {
			isa = XCBuildConfiguration;
			buildSettings = {
				ASSETCATALOG_COMPILER_APPICON_NAME = AppIcon;
				ASSETCATALOG_COMPILER_GLOBAL_ACCENT_COLOR_NAME = AccentColor;
				CODE_SIGN_STYLE = Automatic;
				CURRENT_PROJECT_VERSION = 1;
				DEVELOPMENT_ASSET_PATHS = "\"CryptoApp/Preview Content\"";
				ENABLE_PREVIEWS = YES;
				GENERATE_INFOPLIST_FILE = YES;
				INFOPLIST_KEY_CFBundleDisplayName = "Crypto Tracker";
				INFOPLIST_KEY_UIApplicationSceneManifest_Generation = YES;
				INFOPLIST_KEY_UIApplicationSupportsIndirectInputEvents = YES;
				INFOPLIST_KEY_UILaunchScreen_Generation = YES;
				INFOPLIST_KEY_UISupportedInterfaceOrientations = UIInterfaceOrientationPortrait;
				INFOPLIST_KEY_UISupportedInterfaceOrientations_iPad = "UIInterfaceOrientationPortrait UIInterfaceOrientationPortraitUpsideDown";
				LD_RUNPATH_SEARCH_PATHS = (
					"$(inherited)",
					"@executable_path/Frameworks",
				);
				MARKETING_VERSION = 1.0;
				PRODUCT_BUNDLE_IDENTIFIER = com.alandisseals.CryptoApp;
				PRODUCT_NAME = "$(TARGET_NAME)";
				SWIFT_EMIT_LOC_STRINGS = YES;
				SWIFT_VERSION = 5.0;
				TARGETED_DEVICE_FAMILY = "1,2";
			};
			name = Release;
		};
/* End XCBuildConfiguration section */

/* Begin XCConfigurationList section */
		C62EF1B528FDBE930046A716 /* Build configuration list for PBXProject "CryptoApp" */ = {
			isa = XCConfigurationList;
			buildConfigurations = (
				C62EF1C628FDBE950046A716 /* Debug */,
				C62EF1C728FDBE950046A716 /* Release */,
			);
			defaultConfigurationIsVisible = 0;
			defaultConfigurationName = Release;
		};
		C62EF1C828FDBE950046A716 /* Build configuration list for PBXNativeTarget "CryptoApp" */ = {
			isa = XCConfigurationList;
			buildConfigurations = (
				C62EF1C928FDBE950046A716 /* Debug */,
				C62EF1CA28FDBE950046A716 /* Release */,
			);
			defaultConfigurationIsVisible = 0;
			defaultConfigurationName = Release;
		};
/* End XCConfigurationList section */
	};
	rootObject = C62EF1B228FDBE930046A716 /* Project object */;
}
